
Microsoft Visual Studio Solution File, Format Version 12.00
# Visual Studio Version 17
VisualStudioVersion = 17.10.35122.118
MinimumVisualStudioVersion = 10.0.40219.1
Project("{FAE04EC0-301F-11D3-BF4B-00C04F79EFBC}") = "ASFMultipleProxy", "ASFMultipleProxy\ASFMultipleProxy.csproj", "{6E9319D6-D7B9-47C7-A6B7-6439519BF966}"
EndProject
Global
	GlobalSection(SolutionConfigurationPlatforms) = preSolution
		Debug|Any CPU = Debug|Any CPU
		Release|Any CPU = Release|Any CPU
	EndGlobalSection
	GlobalSection(ProjectConfigurationPlatforms) = postSolution
		{6E9319D6-D7B9-47C7-A6B7-6439519BF966}.Debug|Any CPU.ActiveCfg = Debug|Any CPU
		{6E9319D6-D7B9-47C7-A6B7-6439519BF966}.Debug|Any CPU.Build.0 = Debug|Any CPU
		{6E9319D6-D7B9-47C7-A6B7-6439519BF966}.Release|Any CPU.ActiveCfg = Release|Any CPU
		{6E9319D6-D7B9-47C7-A6B7-6439519BF966}.Release|Any CPU.Build.0 = Release|Any CPU
	EndGlobalSection
	GlobalSection(SolutionProperties) = preSolution
		HideSolutionNode = FALSE
	EndGlobalSection
	GlobalSection(ExtensibilityGlobals) = postSolution
		SolutionGuid = {D1429C3A-6F36-45E5-BDB7-BF596691042D}
	EndGlobalSection
EndGlobal
